<?xml version="1.0" encoding="utf-8"?>
<Project ToolsVersion="4.0" xmlns="http://schemas.microsoft.com/developer/msbuild/2003">
  <ItemGroup>
    <Filter Include="來源檔案">
      <UniqueIdentifier>{4FC737F1-C7A5-4376-A066-2A32D752A2FF}</UniqueIdentifier>
      <Extensions>cpp;c;cc;cxx;c++;cppm;ixx;def;odl;idl;hpj;bat;asm;asmx</Extensions>
    </Filter>
    <Filter Include="標頭檔">
      <UniqueIdentifier>{93995380-89BD-4b04-88EB-625FBE52EBFB}</UniqueIdentifier>
      <Extensions>h;hh;hpp;hxx;h++;hm;inl;inc;ipp;xsd</Extensions>
    </Filter>
    <Filter Include="資源檔">
      <UniqueIdentifier>{67DA6AB6-F800-4c08-8B7A-83BB121AAD01}</UniqueIdentifier>
      <Extensions>rc;ico;cur;bmp;dlg;rc2;rct;bin;rgs;gif;jpg;jpeg;jpe;resx;tiff;tif;png;wav;mfcribbon-ms</Extensions>
    </Filter>
    <Filter Include="assets">
      <UniqueIdentifier>{0b10550f-a211-40ef-b03c-29cc9fa95537}</UniqueIdentifier>
    </Filter>
    <Filter Include="image">
      <UniqueIdentifier>{2a1753e6-5f68-45e7-813b-9c270d79d793}</UniqueIdentifier>
    </Filter>
  </ItemGroup>
  <ItemGroup>
    <ClCompile Include="RBC.cpp">
      <Filter>來源檔案</Filter>
    </ClCompile>
    <ClCompile Include="..\..\..\..\..\..\Program Files\Microsoft Visual Studio\2022\Community\VC\Tools\MSVC\14.31.31103\src\glad.c">
      <Filter>來源檔案</Filter>
    </ClCompile>
    <ClCompile Include="stb.cpp">
      <Filter>來源檔案</Filter>
    </ClCompile>
    <ClCompile Include="Shader.cpp">
      <Filter>來源檔案</Filter>
    </ClCompile>
    <ClCompile Include="Keyboard.cpp">
      <Filter>來源檔案</Filter>
    </ClCompile>
    <ClCompile Include="Mouse.cpp">
      <Filter>來源檔案</Filter>
    </ClCompile>
  </ItemGroup>
  <ItemGroup>
    <ClInclude Include="resource.h">
      <Filter>標頭檔</Filter>
    </ClInclude>
    <ClInclude Include="Shader.h">
      <Filter>來源檔案</Filter>
    </ClInclude>
    <ClInclude Include="Keyboard.h">
      <Filter>來源檔案</Filter>
    </ClInclude>
    <ClInclude Include="Mouse.h">
      <Filter>來源檔案</Filter>
    </ClInclude>
  </ItemGroup>
  <ItemGroup>
    <ResourceCompile Include="RBC.rc">
      <Filter>資源檔</Filter>
    </ResourceCompile>
  </ItemGroup>
  <ItemGroup>
    <None Include="assets\fragment_core.glsl">
      <Filter>assets</Filter>
    </None>
    <None Include="assets\vertex_core.glsl">
      <Filter>assets</Filter>
    </None>
    <None Include="assets\fragment_core2.glsl">
      <Filter>assets</Filter>
    </None>
  </ItemGroup>
  <ItemGroup>
    <Image Include="image\6.png">
      <Filter>image</Filter>
    </Image>
    <Image Include="image\1.png">
      <Filter>image</Filter>
    </Image>
    <Image Include="image\2.png">
      <Filter>image</Filter>
    </Image>
    <Image Include="image\3.png">
      <Filter>image</Filter>
    </Image>
    <Image Include="image\4.png">
      <Filter>image</Filter>
    </Image>
    <Image Include="image\5.png">
      <Filter>image</Filter>
    </Image>
  </ItemGroup>
</Project>